
Microsoft Visual Studio Solution File, Format Version 12.00
# Visual Studio Version 16
VisualStudioVersion = 16.0.29905.134
MinimumVisualStudioVersion = 10.0.40219.1
Project("{FAE04EC0-301F-11D3-BF4B-00C04F79EFBC}") = "NewBlogProject", "NewBlogProject\NewBlogProject.csproj", "{3F8B14D3-BEAE-49E3-B6B0-7B7F8DF63BAD}"
EndProject
Global
	GlobalSection(SolutionConfigurationPlatforms) = preSolution
		Debug|Any CPU = Debug|Any CPU
		Release|Any CPU = Release|Any CPU
	EndGlobalSection
	GlobalSection(ProjectConfigurationPlatforms) = postSolution
		{3F8B14D3-BEAE-49E3-B6B0-7B7F8DF63BAD}.Debug|Any CPU.ActiveCfg = Debug|Any CPU
		{3F8B14D3-BEAE-49E3-B6B0-7B7F8DF63BAD}.Debug|Any CPU.Build.0 = Debug|Any CPU
		{3F8B14D3-BEAE-49E3-B6B0-7B7F8DF63BAD}.Release|Any CPU.ActiveCfg = Release|Any CPU
		{3F8B14D3-BEAE-49E3-B6B0-7B7F8DF63BAD}.Release|Any CPU.Build.0 = Release|Any CPU
	EndGlobalSection
	GlobalSection(SolutionProperties) = preSolution
		HideSolutionNode = FALSE
	EndGlobalSection
	GlobalSection(ExtensibilityGlobals) = postSolution
		SolutionGuid = {BF285E31-3CD4-464C-B48D-80275B4BC170}
	EndGlobalSection
EndGlobal
